
Microsoft Visual Studio Solution File, Format Version 12.00
# Visual Studio Version 17
VisualStudioVersion = 17.3.32922.545
MinimumVisualStudioVersion = 10.0.40219.1
Project("{FAE04EC0-301F-11D3-BF4B-00C04F79EFBC}") = "FormsApp", "FormsApp\FormsApp.csproj", "{1D36A2F9-F754-4240-AB1E-622102D48637}"
EndProject
Project("{FAE04EC0-301F-11D3-BF4B-00C04F79EFBC}") = "Dll", "Dll\Dll.csproj", "{D4EC62CF-8718-4514-B9E0-FC5AAAB595F5}"
EndProject
Global
	GlobalSection(SolutionConfigurationPlatforms) = preSolution
		Debug|Any CPU = Debug|Any CPU
		Release|Any CPU = Release|Any CPU
	EndGlobalSection
	GlobalSection(ProjectConfigurationPlatforms) = postSolution
		{1D36A2F9-F754-4240-AB1E-622102D48637}.Debug|Any CPU.ActiveCfg = Debug|Any CPU
		{1D36A2F9-F754-4240-AB1E-622102D48637}.Debug|Any CPU.Build.0 = Debug|Any CPU
		{1D36A2F9-F754-4240-AB1E-622102D48637}.Release|Any CPU.ActiveCfg = Release|Any CPU
		{1D36A2F9-F754-4240-AB1E-622102D48637}.Release|Any CPU.Build.0 = Release|Any CPU
		{D4EC62CF-8718-4514-B9E0-FC5AAAB595F5}.Debug|Any CPU.ActiveCfg = Debug|Any CPU
		{D4EC62CF-8718-4514-B9E0-FC5AAAB595F5}.Debug|Any CPU.Build.0 = Debug|Any CPU
		{D4EC62CF-8718-4514-B9E0-FC5AAAB595F5}.Release|Any CPU.ActiveCfg = Release|Any CPU
		{D4EC62CF-8718-4514-B9E0-FC5AAAB595F5}.Release|Any CPU.Build.0 = Release|Any CPU
	EndGlobalSection
	GlobalSection(SolutionProperties) = preSolution
		HideSolutionNode = FALSE
	EndGlobalSection
	GlobalSection(ExtensibilityGlobals) = postSolution
		SolutionGuid = {A050E62C-BD81-4320-9072-DB872B96823E}
	EndGlobalSection
EndGlobal
